
Microsoft Visual Studio Solution File, Format Version 12.00
# Visual Studio Version 16
VisualStudioVersion = 25.0.1705.2
MinimumVisualStudioVersion = 10.0.40219.1
Project("{2150E333-8FDC-42A3-9474-1A3956D46DE8}") = "Ui", "Ui", "{33B7DBEC-51E4-45D9-BF06-FA2420B9397C}"
EndProject
Project("{FAE04EC0-301F-11D3-BF4B-00C04F79EFBC}") = "Jwt.Refresh.Token.Sample.Ui.Api", "Ui\Jwt.Refresh.Token.Sample.Ui.Api\Jwt.Refresh.Token.Sample.Ui.Api.csproj", "{4C5512CD-B79E-4A67-BFDF-D9344A5F881F}"
EndProject
Global
	GlobalSection(SolutionConfigurationPlatforms) = preSolution
		Debug|Any CPU = Debug|Any CPU
		Release|Any CPU = Release|Any CPU
	EndGlobalSection
	GlobalSection(ProjectConfigurationPlatforms) = postSolution
		{4C5512CD-B79E-4A67-BFDF-D9344A5F881F}.Debug|Any CPU.ActiveCfg = Debug|Any CPU
		{4C5512CD-B79E-4A67-BFDF-D9344A5F881F}.Debug|Any CPU.Build.0 = Debug|Any CPU
		{4C5512CD-B79E-4A67-BFDF-D9344A5F881F}.Release|Any CPU.ActiveCfg = Release|Any CPU
		{4C5512CD-B79E-4A67-BFDF-D9344A5F881F}.Release|Any CPU.Build.0 = Release|Any CPU
	EndGlobalSection
	GlobalSection(SolutionProperties) = preSolution
		HideSolutionNode = FALSE
	EndGlobalSection
	GlobalSection(ExtensibilityGlobals) = postSolution
		SolutionGuid = {316179A5-A7D9-4F7A-AD82-217F608E2C08}
	EndGlobalSection
	GlobalSection(NestedProjects) = preSolution
		{4C5512CD-B79E-4A67-BFDF-D9344A5F881F} = {33B7DBEC-51E4-45D9-BF06-FA2420B9397C}
	EndGlobalSection
EndGlobal
